
Microsoft Visual Studio Solution File, Format Version 12.00
# Visual Studio Version 17
VisualStudioVersion = 17.5.33516.290
MinimumVisualStudioVersion = 10.0.40219.1
Project("{8BC9CEB8-8B4A-11D0-8D11-00A0C91BC942}") = "JFxBorderlessNative", "JFxBorderlessNative.vcxproj", "{325E1B0C-4FD2-4FB5-8A2B-FF5D68B6239F}"
EndProject
Global
	GlobalSection(SolutionConfigurationPlatforms) = preSolution
		Debug|x64 = Debug|x64
		Debug|x86 = Debug|x86
		Release|x64 = Release|x64
		Release|x86 = Release|x86
	EndGlobalSection
	GlobalSection(ProjectConfigurationPlatforms) = postSolution
		{325E1B0C-4FD2-4FB5-8A2B-FF5D68B6239F}.Debug|x64.ActiveCfg = Debug|x64
		{325E1B0C-4FD2-4FB5-8A2B-FF5D68B6239F}.Debug|x64.Build.0 = Debug|x64
		{325E1B0C-4FD2-4FB5-8A2B-FF5D68B6239F}.Debug|x86.ActiveCfg = Debug|Win32
		{325E1B0C-4FD2-4FB5-8A2B-FF5D68B6239F}.Debug|x86.Build.0 = Debug|Win32
		{325E1B0C-4FD2-4FB5-8A2B-FF5D68B6239F}.Release|x64.ActiveCfg = Release|x64
		{325E1B0C-4FD2-4FB5-8A2B-FF5D68B6239F}.Release|x64.Build.0 = Release|x64
		{325E1B0C-4FD2-4FB5-8A2B-FF5D68B6239F}.Release|x86.ActiveCfg = Release|Win32
		{325E1B0C-4FD2-4FB5-8A2B-FF5D68B6239F}.Release|x86.Build.0 = Release|Win32
	EndGlobalSection
	GlobalSection(SolutionProperties) = preSolution
		HideSolutionNode = FALSE
	EndGlobalSection
	GlobalSection(ExtensibilityGlobals) = postSolution
		SolutionGuid = {93514A77-A8BE-4F70-9364-BA7F0D6CC0B7}
	EndGlobalSection
EndGlobal
